// !$*UTF8*$!
{
	archiveVersion = 1;
	classes = {
	};
	objectVersion = 55;
	objects = {

/* Begin PBXBuildFile section */
		13DDA969274D818800673981 /* FlagSwiftUIApp.swift in Sources */ = {isa = PBXBuildFile; fileRef = 13DDA968274D818800673981 /* FlagSwiftUIApp.swift */; };
		13DDA96B274D818800673981 /* ContentView.swift in Sources */ = {isa = PBXBuildFile; fileRef = 13DDA96A274D818800673981 /* ContentView.swift */; };
		13DDA96D274D818C00673981 /* Assets.xcassets in Resources */ = {isa = PBXBuildFile; fileRef = 13DDA96C274D818C00673981 /* Assets.xcassets */; };
		13DDA970274D818C00673981 /* Preview Assets.xcassets in Resources */ = {isa = PBXBuildFile; fileRef = 13DDA96F274D818C00673981 /* Preview Assets.xcassets */; };
		13DDA97A274D818C00673981 /* FlagSwiftUITests.swift in Sources */ = {isa = PBXBuildFile; fileRef = 13DDA979274D818C00673981 /* FlagSwiftUITests.swift */; };
		13DDA984274D818C00673981 /* FlagSwiftUIUITests.swift in Sources */ = {isa = PBXBuildFile; fileRef = 13DDA983274D818C00673981 /* FlagSwiftUIUITests.swift */; };
		13DDA986274D818C00673981 /* FlagSwiftUIUITestsLaunchTests.swift in Sources */ = {isa = PBXBuildFile; fileRef = 13DDA985274D818C00673981 /* FlagSwiftUIUITestsLaunchTests.swift */; };
		13DDA993274D823500673981 /* GermanyFlag.swift in Sources */ = {isa = PBXBuildFile; fileRef = 13DDA992274D823500673981 /* GermanyFlag.swift */; };
		13DDA995274D837100673981 /* ItlayFlag.swift in Sources */ = {isa = PBXBuildFile; fileRef = 13DDA994274D837100673981 /* ItlayFlag.swift */; };
		13DDA997274D84E700673981 /* RomeniaFlag.swift in Sources */ = {isa = PBXBuildFile; fileRef = 13DDA996274D84E700673981 /* RomeniaFlag.swift */; };
		13DDA99A274D8A3F00673981 /* Color+Ext.swift in Sources */ = {isa = PBXBuildFile; fileRef = 13DDA999274D8A3F00673981 /* Color+Ext.swift */; };
		13DDA99C274D8C6D00673981 /* ChileFlag.swift in Sources */ = {isa = PBXBuildFile; fileRef = 13DDA99B274D8C6D00673981 /* ChileFlag.swift */; };
/* End PBXBuildFile section */

/* Begin PBXContainerItemProxy section */
		13DDA976274D818C00673981 /* PBXContainerItemProxy */ = {
			isa = PBXContainerItemProxy;
			containerPortal = 13DDA95D274D818800673981 /* Project object */;
			proxyType = 1;
			remoteGlobalIDString = 13DDA964274D818800673981;
			remoteInfo = FlagSwiftUI;
		};
		13DDA980274D818C00673981 /* PBXContainerItemProxy */ = {
			isa = PBXContainerItemProxy;
			containerPortal = 13DDA95D274D818800673981 /* Project object */;
			proxyType = 1;
			remoteGlobalIDString = 13DDA964274D818800673981;
			remoteInfo = FlagSwiftUI;
		};
/* End PBXContainerItemProxy section */

/* Begin PBXFileReference section */
		13DDA965274D818800673981 /* FlagSwiftUI.app */ = {isa = PBXFileReference; explicitFileType = wrapper.application; includeInIndex = 0; path = FlagSwiftUI.app; sourceTree = BUILT_PRODUCTS_DIR; };
		13DDA968274D818800673981 /* FlagSwiftUIApp.swift */ = {isa = PBXFileReference; lastKnownFileType = sourcecode.swift; path = FlagSwiftUIApp.swift; sourceTree = "<group>"; };
		13DDA96A274D818800673981 /* ContentView.swift */ = {isa = PBXFileReference; lastKnownFileType = sourcecode.swift; path = ContentView.swift; sourceTree = "<group>"; };
		13DDA96C274D818C00673981 /* Assets.xcassets */ = {isa = PBXFileReference; lastKnownFileType = folder.assetcatalog; path = Assets.xcassets; sourceTree = "<group>"; };
		13DDA96F274D818C00673981 /* Preview Assets.xcassets */ = {isa = PBXFileReference; lastKnownFileType = folder.assetcatalog; path = "Preview Assets.xcassets"; sourceTree = "<group>"; };
		13DDA975274D818C00673981 /* FlagSwiftUITests.xctest */ = {isa = PBXFileReference; explicitFileType = wrapper.cfbundle; includeInIndex = 0; path = FlagSwiftUITests.xctest; sourceTree = BUILT_PRODUCTS_DIR; };
		13DDA979274D818C00673981 /* FlagSwiftUITests.swift */ = {isa = PBXFileReference; lastKnownFileType = sourcecode.swift; path = FlagSwiftUITests.swift; sourceTree = "<group>"; };
		13DDA97F274D818C00673981 /* FlagSwiftUIUITests.xctest */ = {isa = PBXFileReference; explicitFileType = wrapper.cfbundle; includeInIndex = 0; path = FlagSwiftUIUITests.xctest; sourceTree = BUILT_PRODUCTS_DIR; };
		13DDA983274D818C00673981 /* FlagSwiftUIUITests.swift */ = {isa = PBXFileReference; lastKnownFileType = sourcecode.swift; path = FlagSwiftUIUITests.swift; sourceTree = "<group>"; };
		13DDA985274D818C00673981 /* FlagSwiftUIUITestsLaunchTests.swift */ = {isa = PBXFileReference; lastKnownFileType = sourcecode.swift; path = FlagSwiftUIUITestsLaunchTests.swift; sourceTree = "<group>"; };
		13DDA992274D823500673981 /* GermanyFlag.swift */ = {isa = PBXFileReference; lastKnownFileType = sourcecode.swift; path = GermanyFlag.swift; sourceTree = "<group>"; };
		13DDA994274D837100673981 /* ItlayFlag.swift */ = {isa = PBXFileReference; lastKnownFileType = sourcecode.swift; path = ItlayFlag.swift; sourceTree = "<group>"; };
		13DDA996274D84E700673981 /* RomeniaFlag.swift */ = {isa = PBXFileReference; lastKnownFileType = sourcecode.swift; path = RomeniaFlag.swift; sourceTree = "<group>"; };
		13DDA999274D8A3F00673981 /* Color+Ext.swift */ = {isa = PBXFileReference; lastKnownFileType = sourcecode.swift; path = "Color+Ext.swift"; sourceTree = "<group>"; };
		13DDA99B274D8C6D00673981 /* ChileFlag.swift */ = {isa = PBXFileReference; lastKnownFileType = sourcecode.swift; path = ChileFlag.swift; sourceTree = "<group>"; };
/* End PBXFileReference section */

/* Begin PBXFrameworksBuildPhase section */
		13DDA962274D818800673981 /* Frameworks */ = {
			isa = PBXFrameworksBuildPhase;
			buildActionMask = 2147483647;
			files = (
			);
			runOnlyForDeploymentPostprocessing = 0;
		};
		13DDA972274D818C00673981 /* Frameworks */ = {
			isa = PBXFrameworksBuildPhase;
			buildActionMask = 2147483647;
			files = (
			);
			runOnlyForDeploymentPostprocessing = 0;
		};
		13DDA97C274D818C00673981 /* Frameworks */ = {
			isa = PBXFrameworksBuildPhase;
			buildActionMask = 2147483647;
			files = (
			);
			runOnlyForDeploymentPostprocessing = 0;
		};
/* End PBXFrameworksBuildPhase section */

/* Begin PBXGroup section */
		13DDA95C274D818800673981 = {
			isa = PBXGroup;
			children = (
				13DDA967274D818800673981 /* FlagSwiftUI */,
				13DDA978274D818C00673981 /* FlagSwiftUITests */,
				13DDA982274D818C00673981 /* FlagSwiftUIUITests */,
				13DDA966274D818800673981 /* Products */,
			);
			sourceTree = "<group>";
		};
		13DDA966274D818800673981 /* Products */ = {
			isa = PBXGroup;
			children = (
				13DDA965274D818800673981 /* FlagSwiftUI.app */,
				13DDA975274D818C00673981 /* FlagSwiftUITests.xctest */,
				13DDA97F274D818C00673981 /* FlagSwiftUIUITests.xctest */,
			);
			name = Products;
			sourceTree = "<group>";
		};
		13DDA967274D818800673981 /* FlagSwiftUI */ = {
			isa = PBXGroup;
			children = (
				13DDA998274D84F200673981 /* Flags */,
				13DDA968274D818800673981 /* FlagSwiftUIApp.swift */,
				13DDA96A274D818800673981 /* ContentView.swift */,
				13DDA96C274D818C00673981 /* Assets.xcassets */,
				13DDA96E274D818C00673981 /* Preview Content */,
				13DDA999274D8A3F00673981 /* Color+Ext.swift */,
			);
			path = FlagSwiftUI;
			sourceTree = "<group>";
		};
		13DDA96E274D818C00673981 /* Preview Content */ = {
			isa = PBXGroup;
			children = (
				13DDA96F274D818C00673981 /* Preview Assets.xcassets */,
			);
			path = "Preview Content";
			sourceTree = "<group>";
		};
		13DDA978274D818C00673981 /* FlagSwiftUITests */ = {
			isa = PBXGroup;
			children = (
				13DDA979274D818C00673981 /* FlagSwiftUITests.swift */,
			);
			path = FlagSwiftUITests;
			sourceTree = "<group>";
		};
		13DDA982274D818C00673981 /* FlagSwiftUIUITests */ = {
			isa = PBXGroup;
			children = (
				13DDA983274D818C00673981 /* FlagSwiftUIUITests.swift */,
				13DDA985274D818C00673981 /* FlagSwiftUIUITestsLaunchTests.swift */,
			);
			path = FlagSwiftUIUITests;
			sourceTree = "<group>";
		};
		13DDA998274D84F200673981 /* Flags */ = {
			isa = PBXGroup;
			children = (
				13DDA992274D823500673981 /* GermanyFlag.swift */,
				13DDA994274D837100673981 /* ItlayFlag.swift */,
				13DDA996274D84E700673981 /* RomeniaFlag.swift */,
				13DDA99B274D8C6D00673981 /* ChileFlag.swift */,
			);
			path = Flags;
			sourceTree = "<group>";
		};
/* End PBXGroup section */

/* Begin PBXNativeTarget section */
		13DDA964274D818800673981 /* FlagSwiftUI */ = {
			isa = PBXNativeTarget;
			buildConfigurationList = 13DDA989274D818C00673981 /* Build configuration list for PBXNativeTarget "FlagSwiftUI" */;
			buildPhases = (
				13DDA961274D818800673981 /* Sources */,
				13DDA962274D818800673981 /* Frameworks */,
				13DDA963274D818800673981 /* Resources */,
			);
			buildRules = (
			);
			dependencies = (
			);
			name = FlagSwiftUI;
			productName = FlagSwiftUI;
			productReference = 13DDA965274D818800673981 /* FlagSwiftUI.app */;
			productType = "com.apple.product-type.application";
		};
		13DDA974274D818C00673981 /* FlagSwiftUITests */ = {
			isa = PBXNativeTarget;
			buildConfigurationList = 13DDA98C274D818C00673981 /* Build configuration list for PBXNativeTarget "FlagSwiftUITests" */;
			buildPhases = (
				13DDA971274D818C00673981 /* Sources */,
				13DDA972274D818C00673981 /* Frameworks */,
				13DDA973274D818C00673981 /* Resources */,
			);
			buildRules = (
			);
			dependencies = (
				13DDA977274D818C00673981 /* PBXTargetDependency */,
			);
			name = FlagSwiftUITests;
			productName = FlagSwiftUITests;
			productReference = 13DDA975274D818C00673981 /* FlagSwiftUITests.xctest */;
			productType = "com.apple.product-type.bundle.unit-test";
		};
		13DDA97E274D818C00673981 /* FlagSwiftUIUITests */ = {
			isa = PBXNativeTarget;
			buildConfigurationList = 13DDA98F274D818C00673981 /* Build configuration list for PBXNativeTarget "FlagSwiftUIUITests" */;
			buildPhases = (
				13DDA97B274D818C00673981 /* Sources */,
				13DDA97C274D818C00673981 /* Frameworks */,
				13DDA97D274D818C00673981 /* Resources */,
			);
			buildRules = (
			);
			dependencies = (
				13DDA981274D818C00673981 /* PBXTargetDependency */,
			);
			name = FlagSwiftUIUITests;
			productName = FlagSwiftUIUITests;
			productReference = 13DDA97F274D818C00673981 /* FlagSwiftUIUITests.xctest */;
			productType = "com.apple.product-type.bundle.ui-testing";
		};
/* End PBXNativeTarget section */

/* Begin PBXProject section */
		13DDA95D274D818800673981 /* Project object */ = {
			isa = PBXProject;
			attributes = {
				BuildIndependentTargetsInParallel = 1;
				LastSwiftUpdateCheck = 1310;
				LastUpgradeCheck = 1310;
				TargetAttributes = {
					13DDA964274D818800673981 = {
						CreatedOnToolsVersion = 13.1;
					};
					13DDA974274D818C00673981 = {
						CreatedOnToolsVersion = 13.1;
						TestTargetID = 13DDA964274D818800673981;
					};
					13DDA97E274D818C00673981 = {
						CreatedOnToolsVersion = 13.1;
						TestTargetID = 13DDA964274D818800673981;
					};
				};
			};
			buildConfigurationList = 13DDA960274D818800673981 /* Build configuration list for PBXProject "FlagSwiftUI" */;
			compatibilityVersion = "Xcode 13.0";
			developmentRegion = en;
			hasScannedForEncodings = 0;
			knownRegions = (
				en,
				Base,
			);
			mainGroup = 13DDA95C274D818800673981;
			productRefGroup = 13DDA966274D818800673981 /* Products */;
			projectDirPath = "";
			projectRoot = "";
			targets = (
				13DDA964274D818800673981 /* FlagSwiftUI */,
				13DDA974274D818C00673981 /* FlagSwiftUITests */,
				13DDA97E274D818C00673981 /* FlagSwiftUIUITests */,
			);
		};
/* End PBXProject section */

/* Begin PBXResourcesBuildPhase section */
		13DDA963274D818800673981 /* Resources */ = {
			isa = PBXResourcesBuildPhase;
			buildActionMask = 2147483647;
			files = (
				13DDA970274D818C00673981 /* Preview Assets.xcassets in Resources */,
				13DDA96D274D818C00673981 /* Assets.xcassets in Resources */,
			);
			runOnlyForDeploymentPostprocessing = 0;
		};
		13DDA973274D818C00673981 /* Resources */ = {
			isa = PBXResourcesBuildPhase;
			buildActionMask = 2147483647;
			files = (
			);
			runOnlyForDeploymentPostprocessing = 0;
		};
		13DDA97D274D818C00673981 /* Resources */ = {
			isa = PBXResourcesBuildPhase;
			buildActionMask = 2147483647;
			files = (
			);
			runOnlyForDeploymentPostprocessing = 0;
		};
/* End PBXResourcesBuildPhase section */

/* Begin PBXSourcesBuildPhase section */
		13DDA961274D818800673981 /* Sources */ = {
			isa = PBXSourcesBuildPhase;
			buildActionMask = 2147483647;
			files = (
				13DDA99C274D8C6D00673981 /* ChileFlag.swift in Sources */,
				13DDA96B274D818800673981 /* ContentView.swift in Sources */,
				13DDA969274D818800673981 /* FlagSwiftUIApp.swift in Sources */,
				13DDA997274D84E700673981 /* RomeniaFlag.swift in Sources */,
				13DDA993274D823500673981 /* GermanyFlag.swift in Sources */,
				13DDA995274D837100673981 /* ItlayFlag.swift in Sources */,
				13DDA99A274D8A3F00673981 /* Color+Ext.swift in Sources */,
			);
			runOnlyForDeploymentPostprocessing = 0;
		};
		13DDA971274D818C00673981 /* Sources */ = {
			isa = PBXSourcesBuildPhase;
			buildActionMask = 2147483647;
			files = (
				13DDA97A274D818C00673981 /* FlagSwiftUITests.swift in Sources */,
			);
			runOnlyForDeploymentPostprocessing = 0;
		};
		13DDA97B274D818C00673981 /* Sources */ = {
			isa = PBXSourcesBuildPhase;
			buildActionMask = 2147483647;
			files = (
				13DDA986274D818C00673981 /* FlagSwiftUIUITestsLaunchTests.swift in Sources */,
				13DDA984274D818C00673981 /* FlagSwiftUIUITests.swift in Sources */,
			);
			runOnlyForDeploymentPostprocessing = 0;
		};
/* End PBXSourcesBuildPhase section */

/* Begin PBXTargetDependency section */
		13DDA977274D818C00673981 /* PBXTargetDependency */ = {
			isa = PBXTargetDependency;
			target = 13DDA964274D818800673981 /* FlagSwiftUI */;
			targetProxy = 13DDA976274D818C00673981 /* PBXContainerItemProxy */;
		};
		13DDA981274D818C00673981 /* PBXTargetDependency */ = {
			isa = PBXTargetDependency;
			target = 13DDA964274D818800673981 /* FlagSwiftUI */;
			targetProxy = 13DDA980274D818C00673981 /* PBXContainerItemProxy */;
		};
/* End PBXTargetDependency section */

/* Begin XCBuildConfiguration section */
		13DDA987274D818C00673981 /* Debug */ = {
			isa = XCBuildConfiguration;
			buildSettings = {
				ALWAYS_SEARCH_USER_PATHS = NO;
				CLANG_ANALYZER_NONNULL = YES;
				CLANG_ANALYZER_NUMBER_OBJECT_CONVERSION = YES_AGGRESSIVE;
				CLANG_CXX_LANGUAGE_STANDARD = "gnu++17";
				CLANG_CXX_LIBRARY = "libc++";
				CLANG_ENABLE_MODULES = YES;
				CLANG_ENABLE_OBJC_ARC = YES;
				CLANG_ENABLE_OBJC_WEAK = YES;
				CLANG_WARN_BLOCK_CAPTURE_AUTORELEASING = YES;
				CLANG_WARN_BOOL_CONVERSION = YES;
				CLANG_WARN_COMMA = YES;
				CLANG_WARN_CONSTANT_CONVERSION = YES;
				CLANG_WARN_DEPRECATED_OBJC_IMPLEMENTATIONS = YES;
				CLANG_WARN_DIRECT_OBJC_ISA_USAGE = YES_ERROR;
				CLANG_WARN_DOCUMENTATION_COMMENTS = YES;
				CLANG_WARN_EMPTY_BODY = YES;
				CLANG_WARN_ENUM_CONVERSION = YES;
				CLANG_WARN_INFINITE_RECURSION = YES;
				CLANG_WARN_INT_CONVERSION = YES;
				CLANG_WARN_NON_LITERAL_NULL_CONVERSION = YES;
				CLANG_WARN_OBJC_IMPLICIT_RETAIN_SELF = YES;
				CLANG_WARN_OBJC_LITERAL_CONVERSION = YES;
				CLANG_WARN_OBJC_ROOT_CLASS = YES_ERROR;
				CLANG_WARN_QUOTED_INCLUDE_IN_FRAMEWORK_HEADER = YES;
				CLANG_WARN_RANGE_LOOP_ANALYSIS = YES;
				CLANG_WARN_STRICT_PROTOTYPES = YES;
				CLANG_WARN_SUSPICIOUS_MOVE = YES;
				CLANG_WARN_UNGUARDED_AVAILABILITY = YES_AGGRESSIVE;
				CLANG_WARN_UNREACHABLE_CODE = YES;
				CLANG_WARN__DUPLICATE_METHOD_MATCH = YES;
				COPY_PHASE_STRIP = NO;
				DEBUG_INFORMATION_FORMAT = dwarf;
				ENABLE_STRICT_OBJC_MSGSEND = YES;
				ENABLE_TESTABILITY = YES;
				GCC_C_LANGUAGE_STANDARD = gnu11;
				GCC_DYNAMIC_NO_PIC = NO;
				GCC_NO_COMMON_BLOCKS = YES;
				GCC_OPTIMIZATION_LEVEL = 0;
				GCC_PREPROCESSOR_DEFINITIONS = (
					"DEBUG=1",
					"$(inherited)",
				);
				GCC_WARN_64_TO_32_BIT_CONVERSION = YES;
				GCC_WARN_ABOUT_RETURN_TYPE = YES_ERROR;
				GCC_WARN_UNDECLARED_SELECTOR = YES;
				GCC_WARN_UNINITIALIZED_AUTOS = YES_AGGRESSIVE;
				GCC_WARN_UNUSED_FUNCTION = YES;
				GCC_WARN_UNUSED_VARIABLE = YES;
				IPHONEOS_DEPLOYMENT_TARGET = 15.0;
				MTL_ENABLE_DEBUG_INFO = INCLUDE_SOURCE;
				MTL_FAST_MATH = YES;
				ONLY_ACTIVE_ARCH = YES;
				SDKROOT = iphoneos;
				SWIFT_ACTIVE_COMPILATION_CONDITIONS = DEBUG;
				SWIFT_OPTIMIZATION_LEVEL = "-Onone";
			};
			name = Debug;
		};
		13DDA988274D818C00673981 /* Release */ = {
			isa = XCBuildConfiguration;
			buildSettings = {
				ALWAYS_SEARCH_USER_PATHS = NO;
				CLANG_ANALYZER_NONNULL = YES;
				CLANG_ANALYZER_NUMBER_OBJECT_CONVERSION = YES_AGGRESSIVE;
				CLANG_CXX_LANGUAGE_STANDARD = "gnu++17";
				CLANG_CXX_LIBRARY = "libc++";
				CLANG_ENABLE_MODULES = YES;
				CLANG_ENABLE_OBJC_ARC = YES;
				CLANG_ENABLE_OBJC_WEAK = YES;
				CLANG_WARN_BLOCK_CAPTURE_AUTORELEASING = YES;
				CLANG_WARN_BOOL_CONVERSION = YES;
				CLANG_WARN_COMMA = YES;
				CLANG_WARN_CONSTANT_CONVERSION = YES;
				CLANG_WARN_DEPRECATED_OBJC_IMPLEMENTATIONS = YES;
				CLANG_WARN_DIRECT_OBJC_ISA_USAGE = YES_ERROR;
				CLANG_WARN_DOCUMENTATION_COMMENTS = YES;
				CLANG_WARN_EMPTY_BODY = YES;
				CLANG_WARN_ENUM_CONVERSION = YES;
				CLANG_WARN_INFINITE_RECURSION = YES;
				CLANG_WARN_INT_CONVERSION = YES;
				CLANG_WARN_NON_LITERAL_NULL_CONVERSION = YES;
				CLANG_WARN_OBJC_IMPLICIT_RETAIN_SELF = YES;
				CLANG_WARN_OBJC_LITERAL_CONVERSION = YES;
				CLANG_WARN_OBJC_ROOT_CLASS = YES_ERROR;
				CLANG_WARN_QUOTED_INCLUDE_IN_FRAMEWORK_HEADER = YES;
				CLANG_WARN_RANGE_LOOP_ANALYSIS = YES;
				CLANG_WARN_STRICT_PROTOTYPES = YES;
				CLANG_WARN_SUSPICIOUS_MOVE = YES;
				CLANG_WARN_UNGUARDED_AVAILABILITY = YES_AGGRESSIVE;
				CLANG_WARN_UNREACHABLE_CODE = YES;
				CLANG_WARN__DUPLICATE_METHOD_MATCH = YES;
				COPY_PHASE_STRIP = NO;
				DEBUG_INFORMATION_FORMAT = "dwarf-with-dsym";
				ENABLE_NS_ASSERTIONS = NO;
				ENABLE_STRICT_OBJC_MSGSEND = YES;
				GCC_C_LANGUAGE_STANDARD = gnu11;
				GCC_NO_COMMON_BLOCKS = YES;
				GCC_WARN_64_TO_32_BIT_CONVERSION = YES;
				GCC_WARN_ABOUT_RETURN_TYPE = YES_ERROR;
				GCC_WARN_UNDECLARED_SELECTOR = YES;
				GCC_WARN_UNINITIALIZED_AUTOS = YES_AGGRESSIVE;
				GCC_WARN_UNUSED_FUNCTION = YES;
				GCC_WARN_UNUSED_VARIABLE = YES;
				IPHONEOS_DEPLOYMENT_TARGET = 15.0;
				MTL_ENABLE_DEBUG_INFO = NO;
				MTL_FAST_MATH = YES;
				SDKROOT = iphoneos;
				SWIFT_COMPILATION_MODE = wholemodule;
				SWIFT_OPTIMIZATION_LEVEL = "-O";
				VALIDATE_PRODUCT = YES;
			};
			name = Release;
		};
		13DDA98A274D818C00673981 /* Debug */ = {
			isa = XCBuildConfiguration;
			buildSettings = {
				ASSETCATALOG_COMPILER_APPICON_NAME = AppIcon;
				ASSETCATALOG_COMPILER_GLOBAL_ACCENT_COLOR_NAME = AccentColor;
				CODE_SIGN_STYLE = Automatic;
				CURRENT_PROJECT_VERSION = 1;
				DEVELOPMENT_ASSET_PATHS = "\"FlagSwiftUI/Preview Content\"";
				DEVELOPMENT_TEAM = 4GPJTSH854;
				ENABLE_PREVIEWS = YES;
				GENERATE_INFOPLIST_FILE = YES;
				INFOPLIST_KEY_UIApplicationSceneManifest_Generation = YES;
				INFOPLIST_KEY_UIApplicationSupportsIndirectInputEvents = YES;
				INFOPLIST_KEY_UILaunchScreen_Generation = YES;
				INFOPLIST_KEY_UISupportedInterfaceOrientations_iPad = "UIInterfaceOrientationPortrait UIInterfaceOrientationPortraitUpsideDown UIInterfaceOrientationLandscapeLeft UIInterfaceOrientationLandscapeRight";
				INFOPLIST_KEY_UISupportedInterfaceOrientations_iPhone = "UIInterfaceOrientationPortrait UIInterfaceOrientationLandscapeLeft UIInterfaceOrientationLandscapeRight";
				LD_RUNPATH_SEARCH_PATHS = (
					"$(inherited)",
					"@executable_path/Frameworks",
				);
				MARKETING_VERSION = 1.0;
				PRODUCT_BUNDLE_IDENTIFIER = br.com.estudos.FlagSwiftUI;
				PRODUCT_NAME = "$(TARGET_NAME)";
				SWIFT_EMIT_LOC_STRINGS = YES;
				SWIFT_VERSION = 5.0;
				TARGETED_DEVICE_FAMILY = "1,2";
			};
			name = Debug;
		};
		13DDA98B274D818C00673981 /* Release */ = {
			isa = XCBuildConfiguration;
			buildSettings = {
				ASSETCATALOG_COMPILER_APPICON_NAME = AppIcon;
				ASSETCATALOG_COMPILER_GLOBAL_ACCENT_COLOR_NAME = AccentColor;
				CODE_SIGN_STYLE = Automatic;
				CURRENT_PROJECT_VERSION = 1;
				DEVELOPMENT_ASSET_PATHS = "\"FlagSwiftUI/Preview Content\"";
				DEVELOPMENT_TEAM = 4GPJTSH854;
				ENABLE_PREVIEWS = YES;
				GENERATE_INFOPLIST_FILE = YES;
				INFOPLIST_KEY_UIApplicationSceneManifest_Generation = YES;
				INFOPLIST_KEY_UIApplicationSupportsIndirectInputEvents = YES;
				INFOPLIST_KEY_UILaunchScreen_Generation = YES;
				INFOPLIST_KEY_UISupportedInterfaceOrientations_iPad = "UIInterfaceOrientationPortrait UIInterfaceOrientationPortraitUpsideDown UIInterfaceOrientationLandscapeLeft UIInterfaceOrientationLandscapeRight";
				INFOPLIST_KEY_UISupportedInterfaceOrientations_iPhone = "UIInterfaceOrientationPortrait UIInterfaceOrientationLandscapeLeft UIInterfaceOrientationLandscapeRight";
				LD_RUNPATH_SEARCH_PATHS = (
					"$(inherited)",
					"@executable_path/Frameworks",
				);
				MARKETING_VERSION = 1.0;
				PRODUCT_BUNDLE_IDENTIFIER = br.com.estudos.FlagSwiftUI;
				PRODUCT_NAME = "$(TARGET_NAME)";
				SWIFT_EMIT_LOC_STRINGS = YES;
				SWIFT_VERSION = 5.0;
				TARGETED_DEVICE_FAMILY = "1,2";
			};
			name = Release;
		};
		13DDA98D274D818C00673981 /* Debug */ = {
			isa = XCBuildConfiguration;
			buildSettings = {
				ALWAYS_EMBED_SWIFT_STANDARD_LIBRARIES = YES;
				BUNDLE_LOADER = "$(TEST_HOST)";
				CODE_SIGN_STYLE = Automatic;
				CURRENT_PROJECT_VERSION = 1;
				DEVELOPMENT_TEAM = 4GPJTSH854;
				GENERATE_INFOPLIST_FILE = YES;
				IPHONEOS_DEPLOYMENT_TARGET = 15.0;
				LD_RUNPATH_SEARCH_PATHS = (
					"$(inherited)",
					"@executable_path/Frameworks",
					"@loader_path/Frameworks",
				);
				MARKETING_VERSION = 1.0;
				PRODUCT_BUNDLE_IDENTIFIER = br.com.estudos.FlagSwiftUITests;
				PRODUCT_NAME = "$(TARGET_NAME)";
				SWIFT_EMIT_LOC_STRINGS = NO;
				SWIFT_VERSION = 5.0;
				TARGETED_DEVICE_FAMILY = "1,2";
				TEST_HOST = "$(BUILT_PRODUCTS_DIR)/FlagSwiftUI.app/FlagSwiftUI";
			};
			name = Debug;
		};
		13DDA98E274D818C00673981 /* Release */ = {
			isa = XCBuildConfiguration;
			buildSettings = {
				ALWAYS_EMBED_SWIFT_STANDARD_LIBRARIES = YES;
				BUNDLE_LOADER = "$(TEST_HOST)";
				CODE_SIGN_STYLE = Automatic;
				CURRENT_PROJECT_VERSION = 1;
				DEVELOPMENT_TEAM = 4GPJTSH854;
				GENERATE_INFOPLIST_FILE = YES;
				IPHONEOS_DEPLOYMENT_TARGET = 15.0;
				LD_RUNPATH_SEARCH_PATHS = (
					"$(inherited)",
					"@executable_path/Frameworks",
					"@loader_path/Frameworks",
				);
				MARKETING_VERSION = 1.0;
				PRODUCT_BUNDLE_IDENTIFIER = br.com.estudos.FlagSwiftUITests;
				PRODUCT_NAME = "$(TARGET_NAME)";
				SWIFT_EMIT_LOC_STRINGS = NO;
				SWIFT_VERSION = 5.0;
				TARGETED_DEVICE_FAMILY = "1,2";
				TEST_HOST = "$(BUILT_PRODUCTS_DIR)/FlagSwiftUI.app/FlagSwiftUI";
			};
			name = Release;
		};
		13DDA990274D818C00673981 /* Debug */ = {
			isa = XCBuildConfiguration;
			buildSettings = {
				ALWAYS_EMBED_SWIFT_STANDARD_LIBRARIES = YES;
				CODE_SIGN_STYLE = Automatic;
				CURRENT_PROJECT_VERSION = 1;
				DEVELOPMENT_TEAM = 4GPJTSH854;
				GENERATE_INFOPLIST_FILE = YES;
				LD_RUNPATH_SEARCH_PATHS = (
					"$(inherited)",
					"@executable_path/Frameworks",
					"@loader_path/Frameworks",
				);
				MARKETING_VERSION = 1.0;
				PRODUCT_BUNDLE_IDENTIFIER = br.com.estudos.FlagSwiftUIUITests;
				PRODUCT_NAME = "$(TARGET_NAME)";
				SWIFT_EMIT_LOC_STRINGS = NO;
				SWIFT_VERSION = 5.0;
				TARGETED_DEVICE_FAMILY = "1,2";
				TEST_TARGET_NAME = FlagSwiftUI;
			};
			name = Debug;
		};
		13DDA991274D818C00673981 /* Release */ = {
			isa = XCBuildConfiguration;
			buildSettings = {
				ALWAYS_EMBED_SWIFT_STANDARD_LIBRARIES = YES;
				CODE_SIGN_STYLE = Automatic;
				CURRENT_PROJECT_VERSION = 1;
				DEVELOPMENT_TEAM = 4GPJTSH854;
				GENERATE_INFOPLIST_FILE = YES;
				LD_RUNPATH_SEARCH_PATHS = (
					"$(inherited)",
					"@executable_path/Frameworks",
					"@loader_path/Frameworks",
				);
				MARKETING_VERSION = 1.0;
				PRODUCT_BUNDLE_IDENTIFIER = br.com.estudos.FlagSwiftUIUITests;
				PRODUCT_NAME = "$(TARGET_NAME)";
				SWIFT_EMIT_LOC_STRINGS = NO;
				SWIFT_VERSION = 5.0;
				TARGETED_DEVICE_FAMILY = "1,2";
				TEST_TARGET_NAME = FlagSwiftUI;
			};
			name = Release;
		};
/* End XCBuildConfiguration section */

/* Begin XCConfigurationList section */
		13DDA960274D818800673981 /* Build configuration list for PBXProject "FlagSwiftUI" */ = {
			isa = XCConfigurationList;
			buildConfigurations = (
				13DDA987274D818C00673981 /* Debug */,
				13DDA988274D818C00673981 /* Release */,
			);
			defaultConfigurationIsVisible = 0;
			defaultConfigurationName = Release;
		};
		13DDA989274D818C00673981 /* Build configuration list for PBXNativeTarget "FlagSwiftUI" */ = {
			isa = XCConfigurationList;
			buildConfigurations = (
				13DDA98A274D818C00673981 /* Debug */,
				13DDA98B274D818C00673981 /* Release */,
			);
			defaultConfigurationIsVisible = 0;
			defaultConfigurationName = Release;
		};
		13DDA98C274D818C00673981 /* Build configuration list for PBXNativeTarget "FlagSwiftUITests" */ = {
			isa = XCConfigurationList;
			buildConfigurations = (
				13DDA98D274D818C00673981 /* Debug */,
				13DDA98E274D818C00673981 /* Release */,
			);
			defaultConfigurationIsVisible = 0;
			defaultConfigurationName = Release;
		};
		13DDA98F274D818C00673981 /* Build configuration list for PBXNativeTarget "FlagSwiftUIUITests" */ = {
			isa = XCConfigurationList;
			buildConfigurations = (
				13DDA990274D818C00673981 /* Debug */,
				13DDA991274D818C00673981 /* Release */,
			);
			defaultConfigurationIsVisible = 0;
			defaultConfigurationName = Release;
		};
/* End XCConfigurationList section */
	};
	rootObject = 13DDA95D274D818800673981 /* Project object */;
}
